schema: '2.0'
stages:
  flats_clean:
    cmd: python src/data/clean_flats.py
    deps:
    - path: src/data/clean_flats.py
      hash: md5
      md5: 781aad5db7c225fe65edbd495bf9df31
      size: 2445
    outs:
    - path: data/raw/clean
      hash: md5
      md5: 5563312a374e606e2379153e1fac2bd1.dir
      size: 5140851
      nfiles: 1
  houses_clean:
    cmd: python src/data/clean_houses.py
    deps:
    - path: src/data/clean_houses.py
      hash: md5
      md5: 9b2e3235bfff5fe0e8a05d25fa89ca7a
      size: 2613
    outs:
    - path: data/raw/clean_houses
      hash: md5
      md5: a808a2cb1a2d1bea449aa81b7b61c64f.dir
      size: 1677958
      nfiles: 1
  merge_df:
    cmd: python src/data/merge.py
    deps:
    - path: src/data/merge.py
      hash: md5
      md5: 23c8b6abe723096c8727688c9713bbf5
      size: 1067
    outs:
    - path: data/raw/merge
      hash: md5
      md5: 6b3d366b0d93d9266b4f5c42aa64264c.dir
      size: 6821140
      nfiles: 1
  preprocessing:
    cmd: python src/preprocessing/preprocessing.py
    deps:
    - path: src/preprocessing/preprocessing.py
      hash: md5
      md5: 41c8cf1d115fce7018fcffe901f964ea
      size: 6400
    outs:
    - path: data/raw/preprocessing
      hash: md5
      md5: 0d7c17843118167a8166569d7ed0f44b.dir
      size: 3841385
      nfiles: 1
  features:
    cmd: python src/features/features.py
    deps:
    - path: src/features/features.py
      hash: md5
      md5: 3f432e780f2572a935dc21e2ebe73b4c
      size: 3953
    outs:
    - path: data/raw/features
      hash: md5
      md5: 656ced02fe50aa498aa57be3755d50a7.dir
      size: 3882642
      nfiles: 1
  outlier:
    cmd: python src/outlier/outlier.py
    deps:
    - path: src/outlier/outlier.py
      hash: md5
      md5: 74dc9bbe5730b8bc0a6e0e733b3d7395
      size: 774
    outs:
    - path: data/raw/outlier
      hash: md5
      md5: ce3b2328be3cf53a29635f17dcb414bd.dir
      size: 686646
      nfiles: 1
  imutation:
    cmd: python src/imutation/imutation.py
    deps:
    - path: src/imutation/imutation.py
      hash: md5
      md5: c727b72e8e0bbed9479f7f48bc211fb5
      size: 809
    outs:
    - path: data/raw/imputation
      hash: md5
      md5: 268e06d0596d067549ac8fd2a3de2b5c.dir
      size: 393976
      nfiles: 1
  features-selection:
    cmd: python src/features-selection/features_selection.py
    deps:
    - path: src/features-selection/features_selection.py
      hash: md5
      md5: fbed95ab20003eca73ab51441041689f
      size: 7209
    outs:
    - path: data/raw/features_one
      hash: md5
      md5: 0f8e2aefb0d1e5f1accfbf48982c9867.dir
      size: 393976
      nfiles: 1
  model:
    cmd: python src/models/model.py
    deps:
    - path: src/models/model.py
      hash: md5
      md5: 80fdefabd3a2aed999c1fd741f22ab9f
      size: 3401
    outs:
    - path: data/raw/model_df
      hash: md5
      md5: b1a3500b10e5c589933b069e55c1cd8d.dir
      size: 91825544
      nfiles: 1
    - path: data/raw/model_pipeline
      hash: md5
      md5: e2b7cd0663064167f8ec314ab998e490.dir
      size: 194302
      nfiles: 1
